
Microsoft Visual Studio Solution File, Format Version 12.00
# Visual Studio Version 17
VisualStudioVersion = 17.5.002.0
MinimumVisualStudioVersion = 10.0.40219.1
Project("{9A19103F-16F7-4668-BE54-9A1E7A4F7556}") = "sleep-tracker-api", "sleep-tracker-api.csproj", "{D610EA4F-B5C4-43BB-A129-7DA9EBB091C6}"
EndProject
Global
	GlobalSection(SolutionConfigurationPlatforms) = preSolution
		Debug|Any CPU = Debug|Any CPU
		Release|Any CPU = Release|Any CPU
	EndGlobalSection
	GlobalSection(ProjectConfigurationPlatforms) = postSolution
		{D610EA4F-B5C4-43BB-A129-7DA9EBB091C6}.Debug|Any CPU.ActiveCfg = Debug|Any CPU
		{D610EA4F-B5C4-43BB-A129-7DA9EBB091C6}.Debug|Any CPU.Build.0 = Debug|Any CPU
		{D610EA4F-B5C4-43BB-A129-7DA9EBB091C6}.Release|Any CPU.ActiveCfg = Release|Any CPU
		{D610EA4F-B5C4-43BB-A129-7DA9EBB091C6}.Release|Any CPU.Build.0 = Release|Any CPU
	EndGlobalSection
	GlobalSection(SolutionProperties) = preSolution
		HideSolutionNode = FALSE
	EndGlobalSection
	GlobalSection(ExtensibilityGlobals) = postSolution
		SolutionGuid = {75E5929A-9F9B-454D-92BC-88D73A213F81}
	EndGlobalSection
EndGlobal
